
Microsoft Visual Studio Solution File, Format Version 11.00
# Visual Studio 2010
Project("{FAE04EC0-301F-11D3-BF4B-00C04F79EFBC}") = "StormNet", "StormNet\StormNet.csproj", "{A6372620-6B41-41E3-A7CE-4C397060EFDB}"
EndProject
Project("{FAE04EC0-301F-11D3-BF4B-00C04F79EFBC}") = "StormNet.Tests", "StormNet.Tests\StormNet.Tests.csproj", "{F539DE1B-260D-4D71-A883-B15DA7DCF080}"
EndProject
Global
	GlobalSection(SolutionConfigurationPlatforms) = preSolution
		Debug|Any CPU = Debug|Any CPU
		Release|Any CPU = Release|Any CPU
	EndGlobalSection
	GlobalSection(ProjectConfigurationPlatforms) = postSolution
		{A6372620-6B41-41E3-A7CE-4C397060EFDB}.Debug|Any CPU.ActiveCfg = Debug|Any CPU
		{A6372620-6B41-41E3-A7CE-4C397060EFDB}.Debug|Any CPU.Build.0 = Debug|Any CPU
		{A6372620-6B41-41E3-A7CE-4C397060EFDB}.Release|Any CPU.ActiveCfg = Release|Any CPU
		{A6372620-6B41-41E3-A7CE-4C397060EFDB}.Release|Any CPU.Build.0 = Release|Any CPU
		{F539DE1B-260D-4D71-A883-B15DA7DCF080}.Debug|Any CPU.ActiveCfg = Debug|Any CPU
		{F539DE1B-260D-4D71-A883-B15DA7DCF080}.Debug|Any CPU.Build.0 = Debug|Any CPU
		{F539DE1B-260D-4D71-A883-B15DA7DCF080}.Release|Any CPU.ActiveCfg = Release|Any CPU
		{F539DE1B-260D-4D71-A883-B15DA7DCF080}.Release|Any CPU.Build.0 = Release|Any CPU
	EndGlobalSection
	GlobalSection(SolutionProperties) = preSolution
		HideSolutionNode = FALSE
	EndGlobalSection
EndGlobal
